
Microsoft Visual Studio Solution File, Format Version 12.00
# Visual Studio 14
VisualStudioVersion = 14.0.25420.1
MinimumVisualStudioVersion = 10.0.40219.1
Project("{FAE04EC0-301F-11D3-BF4B-00C04F79EFBC}") = "PlayPoker", "PlayPoker\PlayPoker.csproj", "{A58608F8-0C6B-419C-85D0-7676E6EE9CBA}"
EndProject
Global
	GlobalSection(SolutionConfigurationPlatforms) = preSolution
		Debug|ARM = Debug|ARM
		Debug|x64 = Debug|x64
		Debug|x86 = Debug|x86
		Release|ARM = Release|ARM
		Release|x64 = Release|x64
		Release|x86 = Release|x86
	EndGlobalSection
	GlobalSection(ProjectConfigurationPlatforms) = postSolution
		{A58608F8-0C6B-419C-85D0-7676E6EE9CBA}.Debug|ARM.ActiveCfg = Debug|ARM
		{A58608F8-0C6B-419C-85D0-7676E6EE9CBA}.Debug|ARM.Build.0 = Debug|ARM
		{A58608F8-0C6B-419C-85D0-7676E6EE9CBA}.Debug|ARM.Deploy.0 = Debug|ARM
		{A58608F8-0C6B-419C-85D0-7676E6EE9CBA}.Debug|x64.ActiveCfg = Debug|x64
		{A58608F8-0C6B-419C-85D0-7676E6EE9CBA}.Debug|x64.Build.0 = Debug|x64
		{A58608F8-0C6B-419C-85D0-7676E6EE9CBA}.Debug|x64.Deploy.0 = Debug|x64
		{A58608F8-0C6B-419C-85D0-7676E6EE9CBA}.Debug|x86.ActiveCfg = Debug|x86
		{A58608F8-0C6B-419C-85D0-7676E6EE9CBA}.Debug|x86.Build.0 = Debug|x86
		{A58608F8-0C6B-419C-85D0-7676E6EE9CBA}.Debug|x86.Deploy.0 = Debug|x86
		{A58608F8-0C6B-419C-85D0-7676E6EE9CBA}.Release|ARM.ActiveCfg = Release|ARM
		{A58608F8-0C6B-419C-85D0-7676E6EE9CBA}.Release|ARM.Build.0 = Release|ARM
		{A58608F8-0C6B-419C-85D0-7676E6EE9CBA}.Release|ARM.Deploy.0 = Release|ARM
		{A58608F8-0C6B-419C-85D0-7676E6EE9CBA}.Release|x64.ActiveCfg = Release|x64
		{A58608F8-0C6B-419C-85D0-7676E6EE9CBA}.Release|x64.Build.0 = Release|x64
		{A58608F8-0C6B-419C-85D0-7676E6EE9CBA}.Release|x64.Deploy.0 = Release|x64
		{A58608F8-0C6B-419C-85D0-7676E6EE9CBA}.Release|x86.ActiveCfg = Release|x86
		{A58608F8-0C6B-419C-85D0-7676E6EE9CBA}.Release|x86.Build.0 = Release|x86
		{A58608F8-0C6B-419C-85D0-7676E6EE9CBA}.Release|x86.Deploy.0 = Release|x86
	EndGlobalSection
	GlobalSection(SolutionProperties) = preSolution
		HideSolutionNode = FALSE
	EndGlobalSection
EndGlobal
